
Microsoft Visual Studio Solution File, Format Version 12.00
# Visual Studio 15
VisualStudioVersion = 15.0.28010.2046
MinimumVisualStudioVersion = 10.0.40219.1
Project("{9A19103F-16F7-4668-BE54-9A1E7A4F7556}") = "ClothesSupplyApi", "ClothesSupplyApi\ClothesSupplyApi.csproj", "{B5A29013-10A3-4518-961D-0060525B2826}"
EndProject
Project("{9A19103F-16F7-4668-BE54-9A1E7A4F7556}") = "ClothesSupplyWebCms", "ClothesSupplyWebCms\ClothesSupplyWebCms.csproj", "{81DD3771-A58C-4C7E-805D-FC5877C9D775}"
EndProject
Project("{E53339B2-1760-4266-BCC7-CA923CBCF16C}") = "docker-compose", "docker-compose.dcproj", "{6DFBE234-E7F8-4558-8B39-549EC71535AA}"
EndProject
Global
	GlobalSection(SolutionConfigurationPlatforms) = preSolution
		Debug|Any CPU = Debug|Any CPU
		Release|Any CPU = Release|Any CPU
	EndGlobalSection
	GlobalSection(ProjectConfigurationPlatforms) = postSolution
		{B5A29013-10A3-4518-961D-0060525B2826}.Debug|Any CPU.ActiveCfg = Debug|Any CPU
		{B5A29013-10A3-4518-961D-0060525B2826}.Debug|Any CPU.Build.0 = Debug|Any CPU
		{B5A29013-10A3-4518-961D-0060525B2826}.Release|Any CPU.ActiveCfg = Release|Any CPU
		{B5A29013-10A3-4518-961D-0060525B2826}.Release|Any CPU.Build.0 = Release|Any CPU
		{81DD3771-A58C-4C7E-805D-FC5877C9D775}.Debug|Any CPU.ActiveCfg = Debug|Any CPU
		{81DD3771-A58C-4C7E-805D-FC5877C9D775}.Debug|Any CPU.Build.0 = Debug|Any CPU
		{81DD3771-A58C-4C7E-805D-FC5877C9D775}.Release|Any CPU.ActiveCfg = Release|Any CPU
		{81DD3771-A58C-4C7E-805D-FC5877C9D775}.Release|Any CPU.Build.0 = Release|Any CPU
		{6DFBE234-E7F8-4558-8B39-549EC71535AA}.Debug|Any CPU.ActiveCfg = Debug|Any CPU
		{6DFBE234-E7F8-4558-8B39-549EC71535AA}.Debug|Any CPU.Build.0 = Debug|Any CPU
		{6DFBE234-E7F8-4558-8B39-549EC71535AA}.Release|Any CPU.ActiveCfg = Release|Any CPU
		{6DFBE234-E7F8-4558-8B39-549EC71535AA}.Release|Any CPU.Build.0 = Release|Any CPU
	EndGlobalSection
	GlobalSection(SolutionProperties) = preSolution
		HideSolutionNode = FALSE
	EndGlobalSection
	GlobalSection(ExtensibilityGlobals) = postSolution
		SolutionGuid = {9CEEB2F0-F96C-4296-A032-3A761401CAB1}
	EndGlobalSection
EndGlobal
